
Microsoft Visual Studio Solution File, Format Version 12.00
Project("{FAE04EC0-301F-11D3-BF4B-00C04F79EFBC}") = "JsonMerge", "JsonMerge.csproj", "{C574832E-E69B-4E83-AFDC-1B4132B3667D}"
EndProject
Global
	GlobalSection(SolutionConfigurationPlatforms) = preSolution
		Debug|Any CPU = Debug|Any CPU
		Release|Any CPU = Release|Any CPU
	EndGlobalSection
	GlobalSection(ProjectConfigurationPlatforms) = postSolution
		{C574832E-E69B-4E83-AFDC-1B4132B3667D}.Debug|Any CPU.ActiveCfg = Debug|Any CPU
		{C574832E-E69B-4E83-AFDC-1B4132B3667D}.Debug|Any CPU.Build.0 = Debug|Any CPU
		{C574832E-E69B-4E83-AFDC-1B4132B3667D}.Release|Any CPU.ActiveCfg = Release|Any CPU
		{C574832E-E69B-4E83-AFDC-1B4132B3667D}.Release|Any CPU.Build.0 = Release|Any CPU
	EndGlobalSection
EndGlobal
